// !$*UTF8*$!
{
	archiveVersion = 1;
	classes = {
	};
	objectVersion = 50;
	objects = {

/* Begin PBXBuildFile section */
		45587C4821F0380E00F453C4 /* CurrencyTxtField.swift in Sources */ = {isa = PBXBuildFile; fileRef = 45587C4721F0380E00F453C4 /* CurrencyTxtField.swift */; };
		4579421621F00F0C00DC0004 /* AppDelegate.swift in Sources */ = {isa = PBXBuildFile; fileRef = 4579421521F00F0C00DC0004 /* AppDelegate.swift */; };
		4579421821F00F0C00DC0004 /* MainVC.swift in Sources */ = {isa = PBXBuildFile; fileRef = 4579421721F00F0C00DC0004 /* MainVC.swift */; };
		4579421B21F00F0C00DC0004 /* Main.storyboard in Resources */ = {isa = PBXBuildFile; fileRef = 4579421921F00F0C00DC0004 /* Main.storyboard */; };
		4579421D21F00F0D00DC0004 /* Assets.xcassets in Resources */ = {isa = PBXBuildFile; fileRef = 4579421C21F00F0D00DC0004 /* Assets.xcassets */; };
		4579422021F00F0D00DC0004 /* LaunchScreen.storyboard in Resources */ = {isa = PBXBuildFile; fileRef = 4579421E21F00F0D00DC0004 /* LaunchScreen.storyboard */; };
/* End PBXBuildFile section */

/* Begin PBXFileReference section */
		45587C4721F0380E00F453C4 /* CurrencyTxtField.swift */ = {isa = PBXFileReference; lastKnownFileType = sourcecode.swift; path = CurrencyTxtField.swift; sourceTree = "<group>"; };
		4579421221F00F0C00DC0004 /* WindowShopper.app */ = {isa = PBXFileReference; explicitFileType = wrapper.application; includeInIndex = 0; path = WindowShopper.app; sourceTree = BUILT_PRODUCTS_DIR; };
		4579421521F00F0C00DC0004 /* AppDelegate.swift */ = {isa = PBXFileReference; lastKnownFileType = sourcecode.swift; path = AppDelegate.swift; sourceTree = "<group>"; };
		4579421721F00F0C00DC0004 /* MainVC.swift */ = {isa = PBXFileReference; lastKnownFileType = sourcecode.swift; path = MainVC.swift; sourceTree = "<group>"; };
		4579421A21F00F0C00DC0004 /* Base */ = {isa = PBXFileReference; lastKnownFileType = file.storyboard; name = Base; path = Base.lproj/Main.storyboard; sourceTree = "<group>"; };
		4579421C21F00F0D00DC0004 /* Assets.xcassets */ = {isa = PBXFileReference; lastKnownFileType = folder.assetcatalog; path = Assets.xcassets; sourceTree = "<group>"; };
		4579421F21F00F0D00DC0004 /* Base */ = {isa = PBXFileReference; lastKnownFileType = file.storyboard; name = Base; path = Base.lproj/LaunchScreen.storyboard; sourceTree = "<group>"; };
		4579422121F00F0D00DC0004 /* Info.plist */ = {isa = PBXFileReference; lastKnownFileType = text.plist.xml; path = Info.plist; sourceTree = "<group>"; };
/* End PBXFileReference section */

/* Begin PBXFrameworksBuildPhase section */
		4579420F21F00F0C00DC0004 /* Frameworks */ = {
			isa = PBXFrameworksBuildPhase;
			buildActionMask = 2147483647;
			files = (
			);
			runOnlyForDeploymentPostprocessing = 0;
		};
/* End PBXFrameworksBuildPhase section */

/* Begin PBXGroup section */
		45587C4521F0376800F453C4 /* Views */ = {
			isa = PBXGroup;
			children = (
				45587C4721F0380E00F453C4 /* CurrencyTxtField.swift */,
			);
			path = Views;
			sourceTree = "<group>";
		};
		45587C4621F037A000F453C4 /* Controller */ = {
			isa = PBXGroup;
			children = (
				4579421721F00F0C00DC0004 /* MainVC.swift */,
			);
			path = Controller;
			sourceTree = "<group>";
		};
		4579420921F00F0C00DC0004 = {
			isa = PBXGroup;
			children = (
				4579421421F00F0C00DC0004 /* WindowShopper */,
				4579421321F00F0C00DC0004 /* Products */,
			);
			sourceTree = "<group>";
		};
		4579421321F00F0C00DC0004 /* Products */ = {
			isa = PBXGroup;
			children = (
				4579421221F00F0C00DC0004 /* WindowShopper.app */,
			);
			name = Products;
			sourceTree = "<group>";
		};
		4579421421F00F0C00DC0004 /* WindowShopper */ = {
			isa = PBXGroup;
			children = (
				45587C4621F037A000F453C4 /* Controller */,
				45587C4521F0376800F453C4 /* Views */,
				4579421521F00F0C00DC0004 /* AppDelegate.swift */,
				4579421921F00F0C00DC0004 /* Main.storyboard */,
				4579421C21F00F0D00DC0004 /* Assets.xcassets */,
				4579421E21F00F0D00DC0004 /* LaunchScreen.storyboard */,
				4579422121F00F0D00DC0004 /* Info.plist */,
			);
			path = WindowShopper;
			sourceTree = "<group>";
		};
/* End PBXGroup section */

/* Begin PBXNativeTarget section */
		4579421121F00F0C00DC0004 /* WindowShopper */ = {
			isa = PBXNativeTarget;
			buildConfigurationList = 4579422421F00F0D00DC0004 /* Build configuration list for PBXNativeTarget "WindowShopper" */;
			buildPhases = (
				4579420E21F00F0C00DC0004 /* Sources */,
				4579420F21F00F0C00DC0004 /* Frameworks */,
				4579421021F00F0C00DC0004 /* Resources */,
			);
			buildRules = (
			);
			dependencies = (
			);
			name = WindowShopper;
			productName = WindowShopper;
			productReference = 4579421221F00F0C00DC0004 /* WindowShopper.app */;
			productType = "com.apple.product-type.application";
		};
/* End PBXNativeTarget section */

/* Begin PBXProject section */
		4579420A21F00F0C00DC0004 /* Project object */ = {
			isa = PBXProject;
			attributes = {
				LastSwiftUpdateCheck = 1010;
				LastUpgradeCheck = 1010;
				ORGANIZATIONNAME = "Pradhumna Pancholi";
				TargetAttributes = {
					4579421121F00F0C00DC0004 = {
						CreatedOnToolsVersion = 10.1;
					};
				};
			};
			buildConfigurationList = 4579420D21F00F0C00DC0004 /* Build configuration list for PBXProject "WindowShopper" */;
			compatibilityVersion = "Xcode 9.3";
			developmentRegion = en;
			hasScannedForEncodings = 0;
			knownRegions = (
				en,
				Base,
			);
			mainGroup = 4579420921F00F0C00DC0004;
			productRefGroup = 4579421321F00F0C00DC0004 /* Products */;
			projectDirPath = "";
			projectRoot = "";
			targets = (
				4579421121F00F0C00DC0004 /* WindowShopper */,
			);
		};
/* End PBXProject section */

/* Begin PBXResourcesBuildPhase section */
		4579421021F00F0C00DC0004 /* Resources */ = {
			isa = PBXResourcesBuildPhase;
			buildActionMask = 2147483647;
			files = (
				4579422021F00F0D00DC0004 /* LaunchScreen.storyboard in Resources */,
				4579421D21F00F0D00DC0004 /* Assets.xcassets in Resources */,
				4579421B21F00F0C00DC0004 /* Main.storyboard in Resources */,
			);
			runOnlyForDeploymentPostprocessing = 0;
		};
/* End PBXResourcesBuildPhase section */

/* Begin PBXSourcesBuildPhase section */
		4579420E21F00F0C00DC0004 /* Sources */ = {
			isa = PBXSourcesBuildPhase;
			buildActionMask = 2147483647;
			files = (
				45587C4821F0380E00F453C4 /* CurrencyTxtField.swift in Sources */,
				4579421821F00F0C00DC0004 /* MainVC.swift in Sources */,
				4579421621F00F0C00DC0004 /* AppDelegate.swift in Sources */,
			);
			runOnlyForDeploymentPostprocessing = 0;
		};
/* End PBXSourcesBuildPhase section */

/* Begin PBXVariantGroup section */
		4579421921F00F0C00DC0004 /* Main.storyboard */ = {
			isa = PBXVariantGroup;
			children = (
				4579421A21F00F0C00DC0004 /* Base */,
			);
			name = Main.storyboard;
			sourceTree = "<group>";
		};
		4579421E21F00F0D00DC0004 /* LaunchScreen.storyboard */ = {
			isa = PBXVariantGroup;
			children = (
				4579421F21F00F0D00DC0004 /* Base */,
			);
			name = LaunchScreen.storyboard;
			sourceTree = "<group>";
		};
/* End PBXVariantGroup section */

/* Begin XCBuildConfiguration section */
		4579422221F00F0D00DC0004 /* Debug */ = {
			isa = XCBuildConfiguration;
			buildSettings = {
				ALWAYS_SEARCH_USER_PATHS = NO;
				CLANG_ANALYZER_NONNULL = YES;
				CLANG_ANALYZER_NUMBER_OBJECT_CONVERSION = YES_AGGRESSIVE;
				CLANG_CXX_LANGUAGE_STANDARD = "gnu++14";
				CLANG_CXX_LIBRARY = "libc++";
				CLANG_ENABLE_MODULES = YES;
				CLANG_ENABLE_OBJC_ARC = YES;
				CLANG_ENABLE_OBJC_WEAK = YES;
				CLANG_WARN_BLOCK_CAPTURE_AUTORELEASING = YES;
				CLANG_WARN_BOOL_CONVERSION = YES;
				CLANG_WARN_COMMA = YES;
				CLANG_WARN_CONSTANT_CONVERSION = YES;
				CLANG_WARN_DEPRECATED_OBJC_IMPLEMENTATIONS = YES;
				CLANG_WARN_DIRECT_OBJC_ISA_USAGE = YES_ERROR;
				CLANG_WARN_DOCUMENTATION_COMMENTS = YES;
				CLANG_WARN_EMPTY_BODY = YES;
				CLANG_WARN_ENUM_CONVERSION = YES;
				CLANG_WARN_INFINITE_RECURSION = YES;
				CLANG_WARN_INT_CONVERSION = YES;
				CLANG_WARN_NON_LITERAL_NULL_CONVERSION = YES;
				CLANG_WARN_OBJC_IMPLICIT_RETAIN_SELF = YES;
				CLANG_WARN_OBJC_LITERAL_CONVERSION = YES;
				CLANG_WARN_OBJC_ROOT_CLASS = YES_ERROR;
				CLANG_WARN_RANGE_LOOP_ANALYSIS = YES;
				CLANG_WARN_STRICT_PROTOTYPES = YES;
				CLANG_WARN_SUSPICIOUS_MOVE = YES;
				CLANG_WARN_UNGUARDED_AVAILABILITY = YES_AGGRESSIVE;
				CLANG_WARN_UNREACHABLE_CODE = YES;
				CLANG_WARN__DUPLICATE_METHOD_MATCH = YES;
				CODE_SIGN_IDENTITY = "iPhone Developer";
				COPY_PHASE_STRIP = NO;
				DEBUG_INFORMATION_FORMAT = dwarf;
				ENABLE_STRICT_OBJC_MSGSEND = YES;
				ENABLE_TESTABILITY = YES;
				GCC_C_LANGUAGE_STANDARD = gnu11;
				GCC_DYNAMIC_NO_PIC = NO;
				GCC_NO_COMMON_BLOCKS = YES;
				GCC_OPTIMIZATION_LEVEL = 0;
				GCC_PREPROCESSOR_DEFINITIONS = (
					"DEBUG=1",
					"$(inherited)",
				);
				GCC_WARN_64_TO_32_BIT_CONVERSION = YES;
				GCC_WARN_ABOUT_RETURN_TYPE = YES_ERROR;
				GCC_WARN_UNDECLARED_SELECTOR = YES;
				GCC_WARN_UNINITIALIZED_AUTOS = YES_AGGRESSIVE;
				GCC_WARN_UNUSED_FUNCTION = YES;
				GCC_WARN_UNUSED_VARIABLE = YES;
				IPHONEOS_DEPLOYMENT_TARGET = 12.1;
				MTL_ENABLE_DEBUG_INFO = INCLUDE_SOURCE;
				MTL_FAST_MATH = YES;
				ONLY_ACTIVE_ARCH = YES;
				SDKROOT = iphoneos;
				SWIFT_ACTIVE_COMPILATION_CONDITIONS = DEBUG;
				SWIFT_OPTIMIZATION_LEVEL = "-Onone";
			};
			name = Debug;
		};
		4579422321F00F0D00DC0004 /* Release */ = {
			isa = XCBuildConfiguration;
			buildSettings = {
				ALWAYS_SEARCH_USER_PATHS = NO;
				CLANG_ANALYZER_NONNULL = YES;
				CLANG_ANALYZER_NUMBER_OBJECT_CONVERSION = YES_AGGRESSIVE;
				CLANG_CXX_LANGUAGE_STANDARD = "gnu++14";
				CLANG_CXX_LIBRARY = "libc++";
				CLANG_ENABLE_MODULES = YES;
				CLANG_ENABLE_OBJC_ARC = YES;
				CLANG_ENABLE_OBJC_WEAK = YES;
				CLANG_WARN_BLOCK_CAPTURE_AUTORELEASING = YES;
				CLANG_WARN_BOOL_CONVERSION = YES;
				CLANG_WARN_COMMA = YES;
				CLANG_WARN_CONSTANT_CONVERSION = YES;
				CLANG_WARN_DEPRECATED_OBJC_IMPLEMENTATIONS = YES;
				CLANG_WARN_DIRECT_OBJC_ISA_USAGE = YES_ERROR;
				CLANG_WARN_DOCUMENTATION_COMMENTS = YES;
				CLANG_WARN_EMPTY_BODY = YES;
				CLANG_WARN_ENUM_CONVERSION = YES;
				CLANG_WARN_INFINITE_RECURSION = YES;
				CLANG_WARN_INT_CONVERSION = YES;
				CLANG_WARN_NON_LITERAL_NULL_CONVERSION = YES;
				CLANG_WARN_OBJC_IMPLICIT_RETAIN_SELF = YES;
				CLANG_WARN_OBJC_LITERAL_CONVERSION = YES;
				CLANG_WARN_OBJC_ROOT_CLASS = YES_ERROR;
				CLANG_WARN_RANGE_LOOP_ANALYSIS = YES;
				CLANG_WARN_STRICT_PROTOTYPES = YES;
				CLANG_WARN_SUSPICIOUS_MOVE = YES;
				CLANG_WARN_UNGUARDED_AVAILABILITY = YES_AGGRESSIVE;
				CLANG_WARN_UNREACHABLE_CODE = YES;
				CLANG_WARN__DUPLICATE_METHOD_MATCH = YES;
				CODE_SIGN_IDENTITY = "iPhone Developer";
				COPY_PHASE_STRIP = NO;
				DEBUG_INFORMATION_FORMAT = "dwarf-with-dsym";
				ENABLE_NS_ASSERTIONS = NO;
				ENABLE_STRICT_OBJC_MSGSEND = YES;
				GCC_C_LANGUAGE_STANDARD = gnu11;
				GCC_NO_COMMON_BLOCKS = YES;
				GCC_WARN_64_TO_32_BIT_CONVERSION = YES;
				GCC_WARN_ABOUT_RETURN_TYPE = YES_ERROR;
				GCC_WARN_UNDECLARED_SELECTOR = YES;
				GCC_WARN_UNINITIALIZED_AUTOS = YES_AGGRESSIVE;
				GCC_WARN_UNUSED_FUNCTION = YES;
				GCC_WARN_UNUSED_VARIABLE = YES;
				IPHONEOS_DEPLOYMENT_TARGET = 12.1;
				MTL_ENABLE_DEBUG_INFO = NO;
				MTL_FAST_MATH = YES;
				SDKROOT = iphoneos;
				SWIFT_COMPILATION_MODE = wholemodule;
				SWIFT_OPTIMIZATION_LEVEL = "-O";
				VALIDATE_PRODUCT = YES;
			};
			name = Release;
		};
		4579422521F00F0D00DC0004 /* Debug */ = {
			isa = XCBuildConfiguration;
			buildSettings = {
				ASSETCATALOG_COMPILER_APPICON_NAME = AppIcon;
				CODE_SIGN_STYLE = Automatic;
				DEVELOPMENT_TEAM = 635ZBQC2GJ;
				INFOPLIST_FILE = WindowShopper/Info.plist;
				LD_RUNPATH_SEARCH_PATHS = (
					"$(inherited)",
					"@executable_path/Frameworks",
				);
				PRODUCT_BUNDLE_IDENTIFIER = pnp.WindowShopper;
				PRODUCT_NAME = "$(TARGET_NAME)";
				SWIFT_VERSION = 4.2;
				TARGETED_DEVICE_FAMILY = "1,2";
			};
			name = Debug;
		};
		4579422621F00F0D00DC0004 /* Release */ = {
			isa = XCBuildConfiguration;
			buildSettings = {
				ASSETCATALOG_COMPILER_APPICON_NAME = AppIcon;
				CODE_SIGN_STYLE = Automatic;
				DEVELOPMENT_TEAM = 635ZBQC2GJ;
				INFOPLIST_FILE = WindowShopper/Info.plist;
				LD_RUNPATH_SEARCH_PATHS = (
					"$(inherited)",
					"@executable_path/Frameworks",
				);
				PRODUCT_BUNDLE_IDENTIFIER = pnp.WindowShopper;
				PRODUCT_NAME = "$(TARGET_NAME)";
				SWIFT_VERSION = 4.2;
				TARGETED_DEVICE_FAMILY = "1,2";
			};
			name = Release;
		};
/* End XCBuildConfiguration section */

/* Begin XCConfigurationList section */
		4579420D21F00F0C00DC0004 /* Build configuration list for PBXProject "WindowShopper" */ = {
			isa = XCConfigurationList;
			buildConfigurations = (
				4579422221F00F0D00DC0004 /* Debug */,
				4579422321F00F0D00DC0004 /* Release */,
			);
			defaultConfigurationIsVisible = 0;
			defaultConfigurationName = Release;
		};
		4579422421F00F0D00DC0004 /* Build configuration list for PBXNativeTarget "WindowShopper" */ = {
			isa = XCConfigurationList;
			buildConfigurations = (
				4579422521F00F0D00DC0004 /* Debug */,
				4579422621F00F0D00DC0004 /* Release */,
			);
			defaultConfigurationIsVisible = 0;
			defaultConfigurationName = Release;
		};
/* End XCConfigurationList section */
	};
	rootObject = 4579420A21F00F0C00DC0004 /* Project object */;
}
